hash: 71ad1f07e11e8a433bcf1e839835329ae730119b44b2b03c08c19c383bc8fd9c
updated: 2018-01-04T13:38:47.798220189-08:00
imports:
- name: github.com/go-stack/stack
  version: 259ab82a6cad3992b4e21ff5cac294ccb06474bc
- name: github.com/golang/protobuf
  version: 1e59b77b52bf8e4b449a57e6f79f21226d571845
  subpackages:
  - proto
- name: github.com/google/go-github
  version: fc3c57184028a80ff3979d912cdaf5f08887f98a
  subpackages:
  - github
- name: github.com/google/go-querystring
  version: 53e6ce116135b80d037921a7fdd5138cf32d7a8a
  subpackages:
  - query
- name: github.com/inconshreveable/log15
  version: 0decfc6c20d9ca0ad143b0e89dcaa20f810b4fb3
  subpackages:
  - term
- name: github.com/klauspost/compress
  version: ea08389e0dc46025380296f7dd04ab0e8de36adb
  subpackages:
  - flate
  - gzip
  - zlib
- name: github.com/klauspost/cpuid
  version: ae832f27941af41db13bd6d8efd2493e3b22415a
- name: github.com/masterminds/semver
  version: 15d8430ab86497c5c0da827b748823945e1cf1e1
- name: github.com/mattn/go-colorable
  version: 586e6dcca296d085100876beb6dbf02287a247f7
- name: github.com/mattn/go-isatty
  version: 6ca4dbf54d38eea1a992b3c722a76a5d1c4cb25c
- name: github.com/revel/config
  version: 662332b741dd464a886ab0901379c02b9bc5dc30
- name: github.com/revel/cron
  version: 5d31bd20c7c41898f91332a03f71069dde3e69aa
- name: github.com/revel/log15
  version: 793412a67da6f8d15fede4c38f5c66272478cb8a
- name: github.com/revel/modules
  version: 45c500a736554f6951e4855e1ca59658fa2528c3
  subpackages:
  - jobs/app/jobs
- name: github.com/revel/pathtree
  version: 41257a1839e945fce74afd070e02bab2ea2c776a
- name: github.com/revel/revel
  version: 164f0cf561ac8046a994276fa417fc7f11863da5
  subpackages:
  - logger
  - testing
- name: github.com/satori/go.uuid
  version: 879c5887cd475cd7864858769793b2ceb0d44feb
- name: github.com/xeonx/timeago
  version: 714e6695c468c22fb6431a914d8c5f9d19fa2367
- name: golang.org/x/net
  version: d866cfc389cec985d6fda2859936a575a55a3ab6
  subpackages:
  - context
  - context/ctxhttp
  - websocket
- name: golang.org/x/oauth2
  version: 876b1c6ee618a9f8fa31ded3b27708d44b3153af
  subpackages:
  - github
  - internal
- name: golang.org/x/sys
  version: a3f2cbd54cf5dfe3fbaccf76375fdb12f67654c8
  subpackages:
  - unix
- name: google.golang.org/appengine
  version: 5bee14b453b4c71be47ec1781b0fa61c2ea182db
  subpackages:
  - internal
  - internal/base
  - internal/datastore
  - internal/log
  - internal/remote_api
  - internal/urlfetch
  - urlfetch
- name: gopkg.in/fsnotify.v1
  version: 629574ca2a5df945712d3079857300b5e4da0236
- name: gopkg.in/natefinch/lumberjack.v2
  version: a96e63847dc3c67d17befa69c303767e2f84e54f
- name: gopkg.in/stack.v0
  version: 9b43fcefddd0178abdabf4d484ab0d695d0011db
- name: gopkg.in/yaml.v2
  version: 0e4404da71227dcc02fb1deee803d93e86d08f72
testImports: []
