hash: 37628b2d286f5f5367d6a59eca4ad38b75a8f8cd591543dab4a26a068e22c47d
updated: 2018-01-09T09:01:37.034306154-08:00
imports:
- name: github.com/agtorre/gocolorize
  version: 99fea4bc9517f07eea8194702cb7076f4845b7de
- name: github.com/golang/protobuf
  version: 1e59b77b52bf8e4b449a57e6f79f21226d571845
  subpackages:
  - proto
- name: github.com/google/go-github
  version: fc3c57184028a80ff3979d912cdaf5f08887f98a
  subpackages:
  - github
- name: github.com/google/go-querystring
  version: 53e6ce116135b80d037921a7fdd5138cf32d7a8a
  subpackages:
  - query
- name: github.com/klauspost/compress
  version: ea08389e0dc46025380296f7dd04ab0e8de36adb
  subpackages:
  - flate
  - gzip
  - zlib
- name: github.com/klauspost/cpuid
  version: ae832f27941af41db13bd6d8efd2493e3b22415a
- name: github.com/masterminds/semver
  version: 15d8430ab86497c5c0da827b748823945e1cf1e1
- name: github.com/revel/config
  version: 662332b741dd464a886ab0901379c02b9bc5dc30
- name: github.com/revel/cron
  version: 0c2af9523cd603a82115d94c0eb504c6adf94cad
- name: github.com/revel/modules
  version: 8c55c9a970cf5062eeb0368e809d6f27cffc28b0
  subpackages:
  - jobs/app/jobs
- name: github.com/revel/pathtree
  version: 41257a1839e945fce74afd070e02bab2ea2c776a
- name: github.com/revel/revel
  version: 6c8d554fd50278abe4a1c8ad50b811728d5f2a49
  subpackages:
  - testing
- name: github.com/satori/go.uuid
  version: 879c5887cd475cd7864858769793b2ceb0d44feb
- name: golang.org/x/net
  version: d866cfc389cec985d6fda2859936a575a55a3ab6
  subpackages:
  - context
  - context/ctxhttp
  - websocket
- name: golang.org/x/oauth2
  version: 876b1c6ee618a9f8fa31ded3b27708d44b3153af
  subpackages:
  - github
  - internal
- name: golang.org/x/sys
  version: a3f2cbd54cf5dfe3fbaccf76375fdb12f67654c8
  subpackages:
  - unix
- name: google.golang.org/appengine
  version: 5bee14b453b4c71be47ec1781b0fa61c2ea182db
  subpackages:
  - internal
  - internal/base
  - internal/datastore
  - internal/log
  - internal/remote_api
  - internal/urlfetch
  - urlfetch
- name: gopkg.in/fsnotify.v1
  version: 629574ca2a5df945712d3079857300b5e4da0236
- name: gopkg.in/yaml.v2
  version: 0e4404da71227dcc02fb1deee803d93e86d08f72
testImports: []
