# This file is autogenerated, do not edit; changes may be undone by the next 'dep ensure'.


[[projects]]
  branch = "master"
  name = "github.com/agtorre/gocolorize"
  packages = ["."]
  revision = "99fea4bc9517f07eea8194702cb7076f4845b7de"

[[projects]]
  name = "github.com/golang/protobuf"
  packages = ["proto"]
  revision = "1e59b77b52bf8e4b449a57e6f79f21226d571845"

[[projects]]
  name = "github.com/google/go-github"
  packages = ["github"]
  revision = "996760c56486beb81e91bb7bdb816f8c6f29284e"
  version = "v14.0.0"

[[projects]]
  branch = "master"
  name = "github.com/google/go-querystring"
  packages = ["query"]
  revision = "53e6ce116135b80d037921a7fdd5138cf32d7a8a"

[[projects]]
  name = "github.com/klauspost/compress"
  packages = [
    "flate",
    "gzip",
    "zlib"
  ]
  revision = "ea08389e0dc46025380296f7dd04ab0e8de36adb"

[[projects]]
  branch = "master"
  name = "github.com/klauspost/cpuid"
  packages = ["."]
  revision = "ae832f27941af41db13bd6d8efd2493e3b22415a"

[[projects]]
  name = "github.com/masterminds/semver"
  packages = ["."]
  revision = "15d8430ab86497c5c0da827b748823945e1cf1e1"
  version = "v1.4.0"

[[projects]]
  name = "github.com/revel/config"
  packages = ["."]
  revision = "662332b741dd464a886ab0901379c02b9bc5dc30"
  version = "v0.19.0"

[[projects]]
  name = "github.com/revel/cron"
  packages = ["."]
  revision = "0c2af9523cd603a82115d94c0eb504c6adf94cad"
  version = "v0.17"

[[projects]]
  name = "github.com/revel/modules"
#  packages = ["jobs/app/jobs"]
#  revision = "8c55c9a970cf5062eeb0368e809d6f27cffc28b0"
  packages = [
    "jobs/app/jobs",
    "testrunner",
    "testrunner/app",
    "testrunner/app/controllers",
    "testrunner/app/views/TestRunner",
    "testrunner/conf",
    "testrunner/public/css",
    "testrunner/public/images",
    "testrunner/public/js",
    "static/app/controllers"
  ]
#  version = "v0.17"
  branch = "release/v0.17"

[[projects]]
  branch = "master"
  name = "github.com/revel/pathtree"
  packages = ["."]
  revision = "41257a1839e945fce74afd070e02bab2ea2c776a"

[[projects]]
  branch = "release/v0.17"
  name = "github.com/revel/revel"
  packages = [
    ".",
    "testing"
  ]
  revision = "3399fda63860da5fab912ff89430be46d6485cab"

[[projects]]
  name = "github.com/satori/go.uuid"
  packages = ["."]
  revision = "879c5887cd475cd7864858769793b2ceb0d44feb"
  version = "v1.1.0"

[[projects]]
  name = "golang.org/x/net"
  packages = [
    "context",
    "context/ctxhttp",
    "websocket"
  ]
  revision = "d866cfc389cec985d6fda2859936a575a55a3ab6"

[[projects]]
  name = "golang.org/x/oauth2"
  packages = [
    ".",
    "github",
    "internal"
  ]
  revision = "876b1c6ee618a9f8fa31ded3b27708d44b3153af"

[[projects]]
  name = "golang.org/x/sys"
  packages = ["unix"]
  revision = "a3f2cbd54cf5dfe3fbaccf76375fdb12f67654c8"

[[projects]]
  branch = "master"
  name = "google.golang.org/appengine"
  packages = [
    "internal",
    "internal/base",
    "internal/datastore",
    "internal/log",
    "internal/remote_api",
    "internal/urlfetch",
    "urlfetch"
  ]
  revision = "5bee14b453b4c71be47ec1781b0fa61c2ea182db"

[[projects]]
  name = "gopkg.in/fsnotify/fsnotify.v1"
  packages = ["."]
  revision = "c2828203cd70a50dcccfb2761f8b1f8ceef9a8e9"
  version = "v1.4.7"

[[projects]]
  name = "gopkg.in/yaml.v2"
  packages = ["."]
  revision = "0e4404da71227dcc02fb1deee803d93e86d08f72"

[solve-meta]
  analyzer-name = "dep"
  analyzer-version = 1
  inputs-digest = "010848af029f88860f786059ba39fae23ad1c004075df69a73428ff2bcee9a46"
  solver-name = "gps-cdcl"
  solver-version = 1
